
Microsoft Visual Studio Solution File, Format Version 12.00
# Visual Studio 2013
VisualStudioVersion = 12.0.31101.0
MinimumVisualStudioVersion = 10.0.40219.1
Project("{FAE04EC0-301F-11D3-BF4B-00C04F79EFBC}") = "mylan_institutional_products", "mylan_institutional_products\mylan_institutional_products.csproj", "{D215E0AF-2860-48FA-8E43-753050E99014}"
EndProject
Project("{FAE04EC0-301F-11D3-BF4B-00C04F79EFBC}") = "MylanCustomizations", "MylanCustomizations\MylanCustomizations.csproj", "{F3AEFF0B-73E9-4D5F-AF79-0128F3CFD6A5}"
EndProject
Project("{FAE04EC0-301F-11D3-BF4B-00C04F79EFBC}") = "FuelSDK-CSharp", "FuelSDK-CSharp\FuelSDK-CSharp.csproj", "{50281782-FA9F-44B3-A073-3759A5CA1CD8}"
EndProject
Global
	GlobalSection(SolutionConfigurationPlatforms) = preSolution
		Debug|Any CPU = Debug|Any CPU
		Release|Any CPU = Release|Any CPU
	EndGlobalSection
	GlobalSection(ProjectConfigurationPlatforms) = postSolution
		{D215E0AF-2860-48FA-8E43-753050E99014}.Debug|Any CPU.ActiveCfg = Debug|Any CPU
		{D215E0AF-2860-48FA-8E43-753050E99014}.Debug|Any CPU.Build.0 = Debug|Any CPU
		{D215E0AF-2860-48FA-8E43-753050E99014}.Release|Any CPU.ActiveCfg = Release|Any CPU
		{D215E0AF-2860-48FA-8E43-753050E99014}.Release|Any CPU.Build.0 = Release|Any CPU
		{F3AEFF0B-73E9-4D5F-AF79-0128F3CFD6A5}.Debug|Any CPU.ActiveCfg = Debug|Any CPU
		{F3AEFF0B-73E9-4D5F-AF79-0128F3CFD6A5}.Debug|Any CPU.Build.0 = Debug|Any CPU
		{F3AEFF0B-73E9-4D5F-AF79-0128F3CFD6A5}.Release|Any CPU.ActiveCfg = Release|Any CPU
		{F3AEFF0B-73E9-4D5F-AF79-0128F3CFD6A5}.Release|Any CPU.Build.0 = Release|Any CPU
		{50281782-FA9F-44B3-A073-3759A5CA1CD8}.Debug|Any CPU.ActiveCfg = Debug|Any CPU
		{50281782-FA9F-44B3-A073-3759A5CA1CD8}.Debug|Any CPU.Build.0 = Debug|Any CPU
		{50281782-FA9F-44B3-A073-3759A5CA1CD8}.Release|Any CPU.ActiveCfg = Release|Any CPU
		{50281782-FA9F-44B3-A073-3759A5CA1CD8}.Release|Any CPU.Build.0 = Release|Any CPU
	EndGlobalSection
	GlobalSection(SolutionProperties) = preSolution
		HideSolutionNode = FALSE
	EndGlobalSection
EndGlobal
